
Microsoft Visual Studio Solution File, Format Version 12.00
# Visual Studio 14
VisualStudioVersion = 14.0.25420.1
MinimumVisualStudioVersion = 10.0.40219.1
Project("{FAE04EC0-301F-11D3-BF4B-00C04F79EFBC}") = "MVCWebApplication1", "MVCWebApplication1\MVCWebApplication1.csproj", "{22202435-210A-44C1-968A-E80B2809C123}"
EndProject
Project("{FAE04EC0-301F-11D3-BF4B-00C04F79EFBC}") = "MVCWebApplication1.Tests", "MVCWebApplication1.Tests\MVCWebApplication1.Tests.csproj", "{0EE922CF-BD72-4782-A0F7-BB5FE49C1952}"
EndProject
Global
	GlobalSection(SolutionConfigurationPlatforms) = preSolution
		Debug|Any CPU = Debug|Any CPU
		Release|Any CPU = Release|Any CPU
	EndGlobalSection
	GlobalSection(ProjectConfigurationPlatforms) = postSolution
		{22202435-210A-44C1-968A-E80B2809C123}.Debug|Any CPU.ActiveCfg = Debug|Any CPU
		{22202435-210A-44C1-968A-E80B2809C123}.Debug|Any CPU.Build.0 = Debug|Any CPU
		{22202435-210A-44C1-968A-E80B2809C123}.Release|Any CPU.ActiveCfg = Release|Any CPU
		{22202435-210A-44C1-968A-E80B2809C123}.Release|Any CPU.Build.0 = Release|Any CPU
		{0EE922CF-BD72-4782-A0F7-BB5FE49C1952}.Debug|Any CPU.ActiveCfg = Debug|Any CPU
		{0EE922CF-BD72-4782-A0F7-BB5FE49C1952}.Debug|Any CPU.Build.0 = Debug|Any CPU
		{0EE922CF-BD72-4782-A0F7-BB5FE49C1952}.Release|Any CPU.ActiveCfg = Release|Any CPU
		{0EE922CF-BD72-4782-A0F7-BB5FE49C1952}.Release|Any CPU.Build.0 = Release|Any CPU
	EndGlobalSection
	GlobalSection(SolutionProperties) = preSolution
		HideSolutionNode = FALSE
	EndGlobalSection
EndGlobal
